// !$*UTF8*$!
{
	archiveVersion = 1;
	classes = {
	};
	objectVersion = 46;
	objects = {

/* Begin PBXBuildFile section */
		9E0AC4F61C3F89D80044057E /* AppDelegate.swift in Sources */ = {isa = PBXBuildFile; fileRef = 9E0AC4F51C3F89D80044057E /* AppDelegate.swift */; };
		9E0AC4FB1C3F89D80044057E /* Main.storyboard in Resources */ = {isa = PBXBuildFile; fileRef = 9E0AC4F91C3F89D80044057E /* Main.storyboard */; };
		9E0AC4FD1C3F89D80044057E /* Assets.xcassets in Resources */ = {isa = PBXBuildFile; fileRef = 9E0AC4FC1C3F89D80044057E /* Assets.xcassets */; };
		9E0AC5001C3F89D80044057E /* LaunchScreen.storyboard in Resources */ = {isa = PBXBuildFile; fileRef = 9E0AC4FE1C3F89D80044057E /* LaunchScreen.storyboard */; };
		9E0AC50C1C3FA8940044057E /* ConversionViewController.swift in Sources */ = {isa = PBXBuildFile; fileRef = 9E0AC50B1C3FA8940044057E /* ConversionViewController.swift */; };
		9E1DCB4D1C4CC8C000667091 /* MapViewController.swift in Sources */ = {isa = PBXBuildFile; fileRef = 9E1DCB4C1C4CC8C000667091 /* MapViewController.swift */; };
		9E1DCB4F1C4CE4B700667091 /* WebViewController.swift in Sources */ = {isa = PBXBuildFile; fileRef = 9E1DCB4E1C4CE4B700667091 /* WebViewController.swift */; };
		9E9B4F671C4E3D8D00153F75 /* MapKit.framework in Frameworks */ = {isa = PBXBuildFile; fileRef = 9E9B4F661C4E3D8D00153F75 /* MapKit.framework */; };
/* End PBXBuildFile section */

/* Begin PBXFileReference section */
		9E0AC4F21C3F89D80044057E /* WorldTrotter.app */ = {isa = PBXFileReference; explicitFileType = wrapper.application; includeInIndex = 0; path = WorldTrotter.app; sourceTree = BUILT_PRODUCTS_DIR; };
		9E0AC4F51C3F89D80044057E /* AppDelegate.swift */ = {isa = PBXFileReference; lastKnownFileType = sourcecode.swift; path = AppDelegate.swift; sourceTree = "<group>"; };
		9E0AC4FA1C3F89D80044057E /* Base */ = {isa = PBXFileReference; lastKnownFileType = file.storyboard; name = Base; path = Base.lproj/Main.storyboard; sourceTree = "<group>"; };
		9E0AC4FC1C3F89D80044057E /* Assets.xcassets */ = {isa = PBXFileReference; lastKnownFileType = folder.assetcatalog; path = Assets.xcassets; sourceTree = "<group>"; };
		9E0AC4FF1C3F89D80044057E /* Base */ = {isa = PBXFileReference; lastKnownFileType = file.storyboard; name = Base; path = Base.lproj/LaunchScreen.storyboard; sourceTree = "<group>"; };
		9E0AC5011C3F89D80044057E /* Info.plist */ = {isa = PBXFileReference; lastKnownFileType = text.plist.xml; path = Info.plist; sourceTree = "<group>"; };
		9E0AC50B1C3FA8940044057E /* ConversionViewController.swift */ = {isa = PBXFileReference; fileEncoding = 4; lastKnownFileType = sourcecode.swift; path = ConversionViewController.swift; sourceTree = "<group>"; };
		9E1DCB4C1C4CC8C000667091 /* MapViewController.swift */ = {isa = PBXFileReference; fileEncoding = 4; lastKnownFileType = sourcecode.swift; path = MapViewController.swift; sourceTree = "<group>"; };
		9E1DCB4E1C4CE4B700667091 /* WebViewController.swift */ = {isa = PBXFileReference; fileEncoding = 4; lastKnownFileType = sourcecode.swift; path = WebViewController.swift; sourceTree = "<group>"; };
		9E9B4F661C4E3D8D00153F75 /* MapKit.framework */ = {isa = PBXFileReference; lastKnownFileType = wrapper.framework; name = MapKit.framework; path = System/Library/Frameworks/MapKit.framework; sourceTree = SDKROOT; };
/* End PBXFileReference section */

/* Begin PBXFrameworksBuildPhase section */
		9E0AC4EF1C3F89D80044057E /* Frameworks */ = {
			isa = PBXFrameworksBuildPhase;
			buildActionMask = 2147483647;
			files = (
				9E9B4F671C4E3D8D00153F75 /* MapKit.framework in Frameworks */,
			);
			runOnlyForDeploymentPostprocessing = 0;
		};
/* End PBXFrameworksBuildPhase section */

/* Begin PBXGroup section */
		9E0AC4E91C3F89D80044057E = {
			isa = PBXGroup;
			children = (
				9E9B4F661C4E3D8D00153F75 /* MapKit.framework */,
				9E0AC4F41C3F89D80044057E /* WorldTrotter */,
				9E0AC4F31C3F89D80044057E /* Products */,
			);
			sourceTree = "<group>";
		};
		9E0AC4F31C3F89D80044057E /* Products */ = {
			isa = PBXGroup;
			children = (
				9E0AC4F21C3F89D80044057E /* WorldTrotter.app */,
			);
			name = Products;
			sourceTree = "<group>";
		};
		9E0AC4F41C3F89D80044057E /* WorldTrotter */ = {
			isa = PBXGroup;
			children = (
				9E0AC4F51C3F89D80044057E /* AppDelegate.swift */,
				9E0AC4F91C3F89D80044057E /* Main.storyboard */,
				9E0AC4FC1C3F89D80044057E /* Assets.xcassets */,
				9E0AC4FE1C3F89D80044057E /* LaunchScreen.storyboard */,
				9E0AC5011C3F89D80044057E /* Info.plist */,
				9E0AC50B1C3FA8940044057E /* ConversionViewController.swift */,
				9E1DCB4C1C4CC8C000667091 /* MapViewController.swift */,
				9E1DCB4E1C4CE4B700667091 /* WebViewController.swift */,
			);
			path = WorldTrotter;
			sourceTree = "<group>";
		};
/* End PBXGroup section */

/* Begin PBXNativeTarget section */
		9E0AC4F11C3F89D80044057E /* WorldTrotter */ = {
			isa = PBXNativeTarget;
			buildConfigurationList = 9E0AC5041C3F89D80044057E /* Build configuration list for PBXNativeTarget "WorldTrotter" */;
			buildPhases = (
				9E0AC4EE1C3F89D80044057E /* Sources */,
				9E0AC4EF1C3F89D80044057E /* Frameworks */,
				9E0AC4F01C3F89D80044057E /* Resources */,
			);
			buildRules = (
			);
			dependencies = (
			);
			name = WorldTrotter;
			productName = WorldTrotter;
			productReference = 9E0AC4F21C3F89D80044057E /* WorldTrotter.app */;
			productType = "com.apple.product-type.application";
		};
/* End PBXNativeTarget section */

/* Begin PBXProject section */
		9E0AC4EA1C3F89D80044057E /* Project object */ = {
			isa = PBXProject;
			attributes = {
				LastSwiftUpdateCheck = 0720;
				LastUpgradeCheck = 0720;
				ORGANIZATIONNAME = June801;
				TargetAttributes = {
					9E0AC4F11C3F89D80044057E = {
						CreatedOnToolsVersion = 7.2;
						SystemCapabilities = {
							com.apple.Maps.iOS = {
								enabled = 1;
							};
						};
					};
				};
			};
			buildConfigurationList = 9E0AC4ED1C3F89D80044057E /* Build configuration list for PBXProject "WorldTrotter" */;
			compatibilityVersion = "Xcode 3.2";
			developmentRegion = English;
			hasScannedForEncodings = 0;
			knownRegions = (
				en,
				Base,
			);
			mainGroup = 9E0AC4E91C3F89D80044057E;
			productRefGroup = 9E0AC4F31C3F89D80044057E /* Products */;
			projectDirPath = "";
			projectRoot = "";
			targets = (
				9E0AC4F11C3F89D80044057E /* WorldTrotter */,
			);
		};
/* End PBXProject section */

/* Begin PBXResourcesBuildPhase section */
		9E0AC4F01C3F89D80044057E /* Resources */ = {
			isa = PBXResourcesBuildPhase;
			buildActionMask = 2147483647;
			files = (
				9E0AC5001C3F89D80044057E /* LaunchScreen.storyboard in Resources */,
				9E0AC4FD1C3F89D80044057E /* Assets.xcassets in Resources */,
				9E0AC4FB1C3F89D80044057E /* Main.storyboard in Resources */,
			);
			runOnlyForDeploymentPostprocessing = 0;
		};
/* End PBXResourcesBuildPhase section */

/* Begin PBXSourcesBuildPhase section */
		9E0AC4EE1C3F89D80044057E /* Sources */ = {
			isa = PBXSourcesBuildPhase;
			buildActionMask = 2147483647;
			files = (
				9E0AC50C1C3FA8940044057E /* ConversionViewController.swift in Sources */,
				9E1DCB4D1C4CC8C000667091 /* MapViewController.swift in Sources */,
				9E0AC4F61C3F89D80044057E /* AppDelegate.swift in Sources */,
				9E1DCB4F1C4CE4B700667091 /* WebViewController.swift in Sources */,
			);
			runOnlyForDeploymentPostprocessing = 0;
		};
/* End PBXSourcesBuildPhase section */

/* Begin PBXVariantGroup section */
		9E0AC4F91C3F89D80044057E /* Main.storyboard */ = {
			isa = PBXVariantGroup;
			children = (
				9E0AC4FA1C3F89D80044057E /* Base */,
			);
			name = Main.storyboard;
			sourceTree = "<group>";
		};
		9E0AC4FE1C3F89D80044057E /* LaunchScreen.storyboard */ = {
			isa = PBXVariantGroup;
			children = (
				9E0AC4FF1C3F89D80044057E /* Base */,
			);
			name = LaunchScreen.storyboard;
			sourceTree = "<group>";
		};
/* End PBXVariantGroup section */

/* Begin XCBuildConfiguration section */
		9E0AC5021C3F89D80044057E /* Debug */ = {
			isa = XCBuildConfiguration;
			buildSettings = {
				ALWAYS_SEARCH_USER_PATHS = NO;
				CLANG_CXX_LANGUAGE_STANDARD = "gnu++0x";
				CLANG_CXX_LIBRARY = "libc++";
				CLANG_ENABLE_MODULES = YES;
				CLANG_ENABLE_OBJC_ARC = YES;
				CLANG_WARN_BOOL_CONVERSION = YES;
				CLANG_WARN_CONSTANT_CONVERSION = YES;
				CLANG_WARN_DIRECT_OBJC_ISA_USAGE = YES_ERROR;
				CLANG_WARN_EMPTY_BODY = YES;
				CLANG_WARN_ENUM_CONVERSION = YES;
				CLANG_WARN_INT_CONVERSION = YES;
				CLANG_WARN_OBJC_ROOT_CLASS = YES_ERROR;
				CLANG_WARN_UNREACHABLE_CODE = YES;
				CLANG_WARN__DUPLICATE_METHOD_MATCH = YES;
				"CODE_SIGN_IDENTITY[sdk=iphoneos*]" = "iPhone Developer";
				COPY_PHASE_STRIP = NO;
				DEBUG_INFORMATION_FORMAT = dwarf;
				ENABLE_STRICT_OBJC_MSGSEND = YES;
				ENABLE_TESTABILITY = YES;
				GCC_C_LANGUAGE_STANDARD = gnu99;
				GCC_DYNAMIC_NO_PIC = NO;
				GCC_NO_COMMON_BLOCKS = YES;
				GCC_OPTIMIZATION_LEVEL = 0;
				GCC_PREPROCESSOR_DEFINITIONS = (
					"DEBUG=1",
					"$(inherited)",
				);
				GCC_WARN_64_TO_32_BIT_CONVERSION = YES;
				GCC_WARN_ABOUT_RETURN_TYPE = YES_ERROR;
				GCC_WARN_UNDECLARED_SELECTOR = YES;
				GCC_WARN_UNINITIALIZED_AUTOS = YES_AGGRESSIVE;
				GCC_WARN_UNUSED_FUNCTION = YES;
				GCC_WARN_UNUSED_VARIABLE = YES;
				IPHONEOS_DEPLOYMENT_TARGET = 9.2;
				MTL_ENABLE_DEBUG_INFO = YES;
				ONLY_ACTIVE_ARCH = YES;
				SDKROOT = iphoneos;
				SWIFT_OPTIMIZATION_LEVEL = "-Onone";
			};
			name = Debug;
		};
		9E0AC5031C3F89D80044057E /* Release */ = {
			isa = XCBuildConfiguration;
			buildSettings = {
				ALWAYS_SEARCH_USER_PATHS = NO;
				CLANG_CXX_LANGUAGE_STANDARD = "gnu++0x";
				CLANG_CXX_LIBRARY = "libc++";
				CLANG_ENABLE_MODULES = YES;
				CLANG_ENABLE_OBJC_ARC = YES;
				CLANG_WARN_BOOL_CONVERSION = YES;
				CLANG_WARN_CONSTANT_CONVERSION = YES;
				CLANG_WARN_DIRECT_OBJC_ISA_USAGE = YES_ERROR;
				CLANG_WARN_EMPTY_BODY = YES;
				CLANG_WARN_ENUM_CONVERSION = YES;
				CLANG_WARN_INT_CONVERSION = YES;
				CLANG_WARN_OBJC_ROOT_CLASS = YES_ERROR;
				CLANG_WARN_UNREACHABLE_CODE = YES;
				CLANG_WARN__DUPLICATE_METHOD_MATCH = YES;
				"CODE_SIGN_IDENTITY[sdk=iphoneos*]" = "iPhone Developer";
				COPY_PHASE_STRIP = NO;
				DEBUG_INFORMATION_FORMAT = "dwarf-with-dsym";
				ENABLE_NS_ASSERTIONS = NO;
				ENABLE_STRICT_OBJC_MSGSEND = YES;
				GCC_C_LANGUAGE_STANDARD = gnu99;
				GCC_NO_COMMON_BLOCKS = YES;
				GCC_WARN_64_TO_32_BIT_CONVERSION = YES;
				GCC_WARN_ABOUT_RETURN_TYPE = YES_ERROR;
				GCC_WARN_UNDECLARED_SELECTOR = YES;
				GCC_WARN_UNINITIALIZED_AUTOS = YES_AGGRESSIVE;
				GCC_WARN_UNUSED_FUNCTION = YES;
				GCC_WARN_UNUSED_VARIABLE = YES;
				IPHONEOS_DEPLOYMENT_TARGET = 9.2;
				MTL_ENABLE_DEBUG_INFO = NO;
				SDKROOT = iphoneos;
				VALIDATE_PRODUCT = YES;
			};
			name = Release;
		};
		9E0AC5051C3F89D80044057E /* Debug */ = {
			isa = XCBuildConfiguration;
			buildSettings = {
				ASSETCATALOG_COMPILER_APPICON_NAME = AppIcon;
				INFOPLIST_FILE = WorldTrotter/Info.plist;
				LD_RUNPATH_SEARCH_PATHS = "$(inherited) @executable_path/Frameworks";
				PRODUCT_BUNDLE_IDENTIFIER = com.ssp.WorldTrotter;
				PRODUCT_NAME = "$(TARGET_NAME)";
			};
			name = Debug;
		};
		9E0AC5061C3F89D80044057E /* Release */ = {
			isa = XCBuildConfiguration;
			buildSettings = {
				ASSETCATALOG_COMPILER_APPICON_NAME = AppIcon;
				INFOPLIST_FILE = WorldTrotter/Info.plist;
				LD_RUNPATH_SEARCH_PATHS = "$(inherited) @executable_path/Frameworks";
				PRODUCT_BUNDLE_IDENTIFIER = com.ssp.WorldTrotter;
				PRODUCT_NAME = "$(TARGET_NAME)";
			};
			name = Release;
		};
/* End XCBuildConfiguration section */

/* Begin XCConfigurationList section */
		9E0AC4ED1C3F89D80044057E /* Build configuration list for PBXProject "WorldTrotter" */ = {
			isa = XCConfigurationList;
			buildConfigurations = (
				9E0AC5021C3F89D80044057E /* Debug */,
				9E0AC5031C3F89D80044057E /* Release */,
			);
			defaultConfigurationIsVisible = 0;
			defaultConfigurationName = Release;
		};
		9E0AC5041C3F89D80044057E /* Build configuration list for PBXNativeTarget "WorldTrotter" */ = {
			isa = XCConfigurationList;
			buildConfigurations = (
				9E0AC5051C3F89D80044057E /* Debug */,
				9E0AC5061C3F89D80044057E /* Release */,
			);
			defaultConfigurationIsVisible = 0;
			defaultConfigurationName = Release;
		};
/* End XCConfigurationList section */
	};
	rootObject = 9E0AC4EA1C3F89D80044057E /* Project object */;
}
