// !$*UTF8*$!
{
	archiveVersion = 1;
	classes = {
	};
	objectVersion = 46;
	objects = {

/* Begin PBXBuildFile section */
		9E80F5241B9C240A00894892 /* main.m in Sources */ = {isa = PBXBuildFile; fileRef = 9E80F5231B9C240A00894892 /* main.m */; };
		9E80F5271B9C240A00894892 /* AppDelegate.m in Sources */ = {isa = PBXBuildFile; fileRef = 9E80F5261B9C240A00894892 /* AppDelegate.m */; };
		9E80F52A1B9C240A00894892 /* ViewController.m in Sources */ = {isa = PBXBuildFile; fileRef = 9E80F5291B9C240A00894892 /* ViewController.m */; };
		9E80F52D1B9C240A00894892 /* Main.storyboard in Resources */ = {isa = PBXBuildFile; fileRef = 9E80F52B1B9C240A00894892 /* Main.storyboard */; };
		9E80F52F1B9C240A00894892 /* Images.xcassets in Resources */ = {isa = PBXBuildFile; fileRef = 9E80F52E1B9C240A00894892 /* Images.xcassets */; };
		9E80F5321B9C240A00894892 /* LaunchScreen.xib in Resources */ = {isa = PBXBuildFile; fileRef = 9E80F5301B9C240A00894892 /* LaunchScreen.xib */; };
		9E80F53E1B9C240A00894892 /* TestDemoTests.m in Sources */ = {isa = PBXBuildFile; fileRef = 9E80F53D1B9C240A00894892 /* TestDemoTests.m */; };
/* End PBXBuildFile section */

/* Begin PBXContainerItemProxy section */
		9E80F5381B9C240A00894892 /* PBXContainerItemProxy */ = {
			isa = PBXContainerItemProxy;
			containerPortal = 9E80F5161B9C240A00894892 /* Project object */;
			proxyType = 1;
			remoteGlobalIDString = 9E80F51D1B9C240A00894892;
			remoteInfo = TestDemo;
		};
/* End PBXContainerItemProxy section */

/* Begin PBXFileReference section */
		9E80F51E1B9C240A00894892 /* TestDemo.app */ = {isa = PBXFileReference; explicitFileType = wrapper.application; includeInIndex = 0; path = TestDemo.app; sourceTree = BUILT_PRODUCTS_DIR; };
		9E80F5221B9C240A00894892 /* Info.plist */ = {isa = PBXFileReference; lastKnownFileType = text.plist.xml; path = Info.plist; sourceTree = "<group>"; };
		9E80F5231B9C240A00894892 /* main.m */ = {isa = PBXFileReference; lastKnownFileType = sourcecode.c.objc; path = main.m; sourceTree = "<group>"; };
		9E80F5251B9C240A00894892 /* AppDelegate.h */ = {isa = PBXFileReference; lastKnownFileType = sourcecode.c.h; path = AppDelegate.h; sourceTree = "<group>"; };
		9E80F5261B9C240A00894892 /* AppDelegate.m */ = {isa = PBXFileReference; lastKnownFileType = sourcecode.c.objc; path = AppDelegate.m; sourceTree = "<group>"; };
		9E80F5281B9C240A00894892 /* ViewController.h */ = {isa = PBXFileReference; lastKnownFileType = sourcecode.c.h; path = ViewController.h; sourceTree = "<group>"; };
		9E80F5291B9C240A00894892 /* ViewController.m */ = {isa = PBXFileReference; lastKnownFileType = sourcecode.c.objc; path = ViewController.m; sourceTree = "<group>"; };
		9E80F52C1B9C240A00894892 /* Base */ = {isa = PBXFileReference; lastKnownFileType = file.storyboard; name = Base; path = Base.lproj/Main.storyboard; sourceTree = "<group>"; };
		9E80F52E1B9C240A00894892 /* Images.xcassets */ = {isa = PBXFileReference; lastKnownFileType = folder.assetcatalog; path = Images.xcassets; sourceTree = "<group>"; };
		9E80F5311B9C240A00894892 /* Base */ = {isa = PBXFileReference; lastKnownFileType = file.xib; name = Base; path = Base.lproj/LaunchScreen.xib; sourceTree = "<group>"; };
		9E80F5371B9C240A00894892 /* TestDemoTests.xctest */ = {isa = PBXFileReference; explicitFileType = wrapper.cfbundle; includeInIndex = 0; path = TestDemoTests.xctest; sourceTree = BUILT_PRODUCTS_DIR; };
		9E80F53C1B9C240A00894892 /* Info.plist */ = {isa = PBXFileReference; lastKnownFileType = text.plist.xml; path = Info.plist; sourceTree = "<group>"; };
		9E80F53D1B9C240A00894892 /* TestDemoTests.m */ = {isa = PBXFileReference; lastKnownFileType = sourcecode.c.objc; path = TestDemoTests.m; sourceTree = "<group>"; };
/* End PBXFileReference section */

/* Begin PBXFrameworksBuildPhase section */
		9E80F51B1B9C240A00894892 /* Frameworks */ = {
			isa = PBXFrameworksBuildPhase;
			buildActionMask = 2147483647;
			files = (
			);
			runOnlyForDeploymentPostprocessing = 0;
		};
		9E80F5341B9C240A00894892 /* Frameworks */ = {
			isa = PBXFrameworksBuildPhase;
			buildActionMask = 2147483647;
			files = (
			);
			runOnlyForDeploymentPostprocessing = 0;
		};
/* End PBXFrameworksBuildPhase section */

/* Begin PBXGroup section */
		9E80F5151B9C240A00894892 = {
			isa = PBXGroup;
			children = (
				9E80F5201B9C240A00894892 /* TestDemo */,
				9E80F53A1B9C240A00894892 /* TestDemoTests */,
				9E80F51F1B9C240A00894892 /* Products */,
			);
			sourceTree = "<group>";
		};
		9E80F51F1B9C240A00894892 /* Products */ = {
			isa = PBXGroup;
			children = (
				9E80F51E1B9C240A00894892 /* TestDemo.app */,
				9E80F5371B9C240A00894892 /* TestDemoTests.xctest */,
			);
			name = Products;
			sourceTree = "<group>";
		};
		9E80F5201B9C240A00894892 /* TestDemo */ = {
			isa = PBXGroup;
			children = (
				9E80F5251B9C240A00894892 /* AppDelegate.h */,
				9E80F5261B9C240A00894892 /* AppDelegate.m */,
				9E80F5281B9C240A00894892 /* ViewController.h */,
				9E80F5291B9C240A00894892 /* ViewController.m */,
				9E80F52B1B9C240A00894892 /* Main.storyboard */,
				9E80F52E1B9C240A00894892 /* Images.xcassets */,
				9E80F5301B9C240A00894892 /* LaunchScreen.xib */,
				9E80F5211B9C240A00894892 /* Supporting Files */,
			);
			path = TestDemo;
			sourceTree = "<group>";
		};
		9E80F5211B9C240A00894892 /* Supporting Files */ = {
			isa = PBXGroup;
			children = (
				9E80F5221B9C240A00894892 /* Info.plist */,
				9E80F5231B9C240A00894892 /* main.m */,
			);
			name = "Supporting Files";
			sourceTree = "<group>";
		};
		9E80F53A1B9C240A00894892 /* TestDemoTests */ = {
			isa = PBXGroup;
			children = (
				9E80F53D1B9C240A00894892 /* TestDemoTests.m */,
				9E80F53B1B9C240A00894892 /* Supporting Files */,
			);
			path = TestDemoTests;
			sourceTree = "<group>";
		};
		9E80F53B1B9C240A00894892 /* Supporting Files */ = {
			isa = PBXGroup;
			children = (
				9E80F53C1B9C240A00894892 /* Info.plist */,
			);
			name = "Supporting Files";
			sourceTree = "<group>";
		};
/* End PBXGroup section */

/* Begin PBXNativeTarget section */
		9E80F51D1B9C240A00894892 /* TestDemo */ = {
			isa = PBXNativeTarget;
			buildConfigurationList = 9E80F5411B9C240A00894892 /* Build configuration list for PBXNativeTarget "TestDemo" */;
			buildPhases = (
				9E80F51A1B9C240A00894892 /* Sources */,
				9E80F51B1B9C240A00894892 /* Frameworks */,
				9E80F51C1B9C240A00894892 /* Resources */,
			);
			buildRules = (
			);
			dependencies = (
			);
			name = TestDemo;
			productName = TestDemo;
			productReference = 9E80F51E1B9C240A00894892 /* TestDemo.app */;
			productType = "com.apple.product-type.application";
		};
		9E80F5361B9C240A00894892 /* TestDemoTests */ = {
			isa = PBXNativeTarget;
			buildConfigurationList = 9E80F5441B9C240A00894892 /* Build configuration list for PBXNativeTarget "TestDemoTests" */;
			buildPhases = (
				9E80F5331B9C240A00894892 /* Sources */,
				9E80F5341B9C240A00894892 /* Frameworks */,
				9E80F5351B9C240A00894892 /* Resources */,
			);
			buildRules = (
			);
			dependencies = (
				9E80F5391B9C240A00894892 /* PBXTargetDependency */,
			);
			name = TestDemoTests;
			productName = TestDemoTests;
			productReference = 9E80F5371B9C240A00894892 /* TestDemoTests.xctest */;
			productType = "com.apple.product-type.bundle.unit-test";
		};
/* End PBXNativeTarget section */

/* Begin PBXProject section */
		9E80F5161B9C240A00894892 /* Project object */ = {
			isa = PBXProject;
			attributes = {
				LastUpgradeCheck = 0640;
				ORGANIZATIONNAME = June801;
				TargetAttributes = {
					9E80F51D1B9C240A00894892 = {
						CreatedOnToolsVersion = 6.4;
					};
					9E80F5361B9C240A00894892 = {
						CreatedOnToolsVersion = 6.4;
						TestTargetID = 9E80F51D1B9C240A00894892;
					};
				};
			};
			buildConfigurationList = 9E80F5191B9C240A00894892 /* Build configuration list for PBXProject "TestDemo" */;
			compatibilityVersion = "Xcode 3.2";
			developmentRegion = English;
			hasScannedForEncodings = 0;
			knownRegions = (
				en,
				Base,
			);
			mainGroup = 9E80F5151B9C240A00894892;
			productRefGroup = 9E80F51F1B9C240A00894892 /* Products */;
			projectDirPath = "";
			projectRoot = "";
			targets = (
				9E80F51D1B9C240A00894892 /* TestDemo */,
				9E80F5361B9C240A00894892 /* TestDemoTests */,
			);
		};
/* End PBXProject section */

/* Begin PBXResourcesBuildPhase section */
		9E80F51C1B9C240A00894892 /* Resources */ = {
			isa = PBXResourcesBuildPhase;
			buildActionMask = 2147483647;
			files = (
				9E80F52D1B9C240A00894892 /* Main.storyboard in Resources */,
				9E80F5321B9C240A00894892 /* LaunchScreen.xib in Resources */,
				9E80F52F1B9C240A00894892 /* Images.xcassets in Resources */,
			);
			runOnlyForDeploymentPostprocessing = 0;
		};
		9E80F5351B9C240A00894892 /* Resources */ = {
			isa = PBXResourcesBuildPhase;
			buildActionMask = 2147483647;
			files = (
			);
			runOnlyForDeploymentPostprocessing = 0;
		};
/* End PBXResourcesBuildPhase section */

/* Begin PBXSourcesBuildPhase section */
		9E80F51A1B9C240A00894892 /* Sources */ = {
			isa = PBXSourcesBuildPhase;
			buildActionMask = 2147483647;
			files = (
				9E80F52A1B9C240A00894892 /* ViewController.m in Sources */,
				9E80F5271B9C240A00894892 /* AppDelegate.m in Sources */,
				9E80F5241B9C240A00894892 /* main.m in Sources */,
			);
			runOnlyForDeploymentPostprocessing = 0;
		};
		9E80F5331B9C240A00894892 /* Sources */ = {
			isa = PBXSourcesBuildPhase;
			buildActionMask = 2147483647;
			files = (
				9E80F53E1B9C240A00894892 /* TestDemoTests.m in Sources */,
			);
			runOnlyForDeploymentPostprocessing = 0;
		};
/* End PBXSourcesBuildPhase section */

/* Begin PBXTargetDependency section */
		9E80F5391B9C240A00894892 /* PBXTargetDependency */ = {
			isa = PBXTargetDependency;
			target = 9E80F51D1B9C240A00894892 /* TestDemo */;
			targetProxy = 9E80F5381B9C240A00894892 /* PBXContainerItemProxy */;
		};
/* End PBXTargetDependency section */

/* Begin PBXVariantGroup section */
		9E80F52B1B9C240A00894892 /* Main.storyboard */ = {
			isa = PBXVariantGroup;
			children = (
				9E80F52C1B9C240A00894892 /* Base */,
			);
			name = Main.storyboard;
			sourceTree = "<group>";
		};
		9E80F5301B9C240A00894892 /* LaunchScreen.xib */ = {
			isa = PBXVariantGroup;
			children = (
				9E80F5311B9C240A00894892 /* Base */,
			);
			name = LaunchScreen.xib;
			sourceTree = "<group>";
		};
/* End PBXVariantGroup section */

/* Begin XCBuildConfiguration section */
		9E80F53F1B9C240A00894892 /* Debug */ = {
			isa = XCBuildConfiguration;
			buildSettings = {
				ALWAYS_SEARCH_USER_PATHS = NO;
				CLANG_CXX_LANGUAGE_STANDARD = "gnu++0x";
				CLANG_CXX_LIBRARY = "libc++";
				CLANG_ENABLE_MODULES = YES;
				CLANG_ENABLE_OBJC_ARC = YES;
				CLANG_WARN_BOOL_CONVERSION = YES;
				CLANG_WARN_CONSTANT_CONVERSION = YES;
				CLANG_WARN_DIRECT_OBJC_ISA_USAGE = YES_ERROR;
				CLANG_WARN_EMPTY_BODY = YES;
				CLANG_WARN_ENUM_CONVERSION = YES;
				CLANG_WARN_INT_CONVERSION = YES;
				CLANG_WARN_OBJC_ROOT_CLASS = YES_ERROR;
				CLANG_WARN_UNREACHABLE_CODE = YES;
				CLANG_WARN__DUPLICATE_METHOD_MATCH = YES;
				"CODE_SIGN_IDENTITY[sdk=iphoneos*]" = "iPhone Developer";
				COPY_PHASE_STRIP = NO;
				DEBUG_INFORMATION_FORMAT = "dwarf-with-dsym";
				ENABLE_STRICT_OBJC_MSGSEND = YES;
				GCC_C_LANGUAGE_STANDARD = gnu99;
				GCC_DYNAMIC_NO_PIC = NO;
				GCC_NO_COMMON_BLOCKS = YES;
				GCC_OPTIMIZATION_LEVEL = 0;
				GCC_PREPROCESSOR_DEFINITIONS = (
					"DEBUG=1",
					"$(inherited)",
				);
				GCC_SYMBOLS_PRIVATE_EXTERN = NO;
				GCC_WARN_64_TO_32_BIT_CONVERSION = YES;
				GCC_WARN_ABOUT_RETURN_TYPE = YES_ERROR;
				GCC_WARN_UNDECLARED_SELECTOR = YES;
				GCC_WARN_UNINITIALIZED_AUTOS = YES_AGGRESSIVE;
				GCC_WARN_UNUSED_FUNCTION = YES;
				GCC_WARN_UNUSED_VARIABLE = YES;
				IPHONEOS_DEPLOYMENT_TARGET = 8.4;
				MTL_ENABLE_DEBUG_INFO = YES;
				ONLY_ACTIVE_ARCH = YES;
				SDKROOT = iphoneos;
			};
			name = Debug;
		};
		9E80F5401B9C240A00894892 /* Release */ = {
			isa = XCBuildConfiguration;
			buildSettings = {
				ALWAYS_SEARCH_USER_PATHS = NO;
				CLANG_CXX_LANGUAGE_STANDARD = "gnu++0x";
				CLANG_CXX_LIBRARY = "libc++";
				CLANG_ENABLE_MODULES = YES;
				CLANG_ENABLE_OBJC_ARC = YES;
				CLANG_WARN_BOOL_CONVERSION = YES;
				CLANG_WARN_CONSTANT_CONVERSION = YES;
				CLANG_WARN_DIRECT_OBJC_ISA_USAGE = YES_ERROR;
				CLANG_WARN_EMPTY_BODY = YES;
				CLANG_WARN_ENUM_CONVERSION = YES;
				CLANG_WARN_INT_CONVERSION = YES;
				CLANG_WARN_OBJC_ROOT_CLASS = YES_ERROR;
				CLANG_WARN_UNREACHABLE_CODE = YES;
				CLANG_WARN__DUPLICATE_METHOD_MATCH = YES;
				"CODE_SIGN_IDENTITY[sdk=iphoneos*]" = "iPhone Developer";
				COPY_PHASE_STRIP = NO;
				DEBUG_INFORMATION_FORMAT = "dwarf-with-dsym";
				ENABLE_NS_ASSERTIONS = NO;
				ENABLE_STRICT_OBJC_MSGSEND = YES;
				GCC_C_LANGUAGE_STANDARD = gnu99;
				GCC_NO_COMMON_BLOCKS = YES;
				GCC_WARN_64_TO_32_BIT_CONVERSION = YES;
				GCC_WARN_ABOUT_RETURN_TYPE = YES_ERROR;
				GCC_WARN_UNDECLARED_SELECTOR = YES;
				GCC_WARN_UNINITIALIZED_AUTOS = YES_AGGRESSIVE;
				GCC_WARN_UNUSED_FUNCTION = YES;
				GCC_WARN_UNUSED_VARIABLE = YES;
				IPHONEOS_DEPLOYMENT_TARGET = 8.4;
				MTL_ENABLE_DEBUG_INFO = NO;
				SDKROOT = iphoneos;
				VALIDATE_PRODUCT = YES;
			};
			name = Release;
		};
		9E80F5421B9C240A00894892 /* Debug */ = {
			isa = XCBuildConfiguration;
			buildSettings = {
				ASSETCATALOG_COMPILER_APPICON_NAME = AppIcon;
				INFOPLIST_FILE = TestDemo/Info.plist;
				LD_RUNPATH_SEARCH_PATHS = "$(inherited) @executable_path/Frameworks";
				PRODUCT_NAME = "$(TARGET_NAME)";
			};
			name = Debug;
		};
		9E80F5431B9C240A00894892 /* Release */ = {
			isa = XCBuildConfiguration;
			buildSettings = {
				ASSETCATALOG_COMPILER_APPICON_NAME = AppIcon;
				INFOPLIST_FILE = TestDemo/Info.plist;
				LD_RUNPATH_SEARCH_PATHS = "$(inherited) @executable_path/Frameworks";
				PRODUCT_NAME = "$(TARGET_NAME)";
			};
			name = Release;
		};
		9E80F5451B9C240A00894892 /* Debug */ = {
			isa = XCBuildConfiguration;
			buildSettings = {
				BUNDLE_LOADER = "$(TEST_HOST)";
				FRAMEWORK_SEARCH_PATHS = (
					"$(SDKROOT)/Developer/Library/Frameworks",
					"$(inherited)",
				);
				GCC_PREPROCESSOR_DEFINITIONS = (
					"DEBUG=1",
					"$(inherited)",
				);
				INFOPLIST_FILE = TestDemoTests/Info.plist;
				LD_RUNPATH_SEARCH_PATHS = "$(inherited) @executable_path/Frameworks @loader_path/Frameworks";
				PRODUCT_NAME = "$(TARGET_NAME)";
				TEST_HOST = "$(BUILT_PRODUCTS_DIR)/TestDemo.app/TestDemo";
			};
			name = Debug;
		};
		9E80F5461B9C240A00894892 /* Release */ = {
			isa = XCBuildConfiguration;
			buildSettings = {
				BUNDLE_LOADER = "$(TEST_HOST)";
				FRAMEWORK_SEARCH_PATHS = (
					"$(SDKROOT)/Developer/Library/Frameworks",
					"$(inherited)",
				);
				INFOPLIST_FILE = TestDemoTests/Info.plist;
				LD_RUNPATH_SEARCH_PATHS = "$(inherited) @executable_path/Frameworks @loader_path/Frameworks";
				PRODUCT_NAME = "$(TARGET_NAME)";
				TEST_HOST = "$(BUILT_PRODUCTS_DIR)/TestDemo.app/TestDemo";
			};
			name = Release;
		};
/* End XCBuildConfiguration section */

/* Begin XCConfigurationList section */
		9E80F5191B9C240A00894892 /* Build configuration list for PBXProject "TestDemo" */ = {
			isa = XCConfigurationList;
			buildConfigurations = (
				9E80F53F1B9C240A00894892 /* Debug */,
				9E80F5401B9C240A00894892 /* Release */,
			);
			defaultConfigurationIsVisible = 0;
			defaultConfigurationName = Release;
		};
		9E80F5411B9C240A00894892 /* Build configuration list for PBXNativeTarget "TestDemo" */ = {
			isa = XCConfigurationList;
			buildConfigurations = (
				9E80F5421B9C240A00894892 /* Debug */,
				9E80F5431B9C240A00894892 /* Release */,
			);
			defaultConfigurationIsVisible = 0;
		};
		9E80F5441B9C240A00894892 /* Build configuration list for PBXNativeTarget "TestDemoTests" */ = {
			isa = XCConfigurationList;
			buildConfigurations = (
				9E80F5451B9C240A00894892 /* Debug */,
				9E80F5461B9C240A00894892 /* Release */,
			);
			defaultConfigurationIsVisible = 0;
		};
/* End XCConfigurationList section */
	};
	rootObject = 9E80F5161B9C240A00894892 /* Project object */;
}
